// !$*UTF8*$!
{
	archiveVersion = 1;
	classes = {
	};
	objectVersion = 46;
	objects = {

/* Begin PBXBuildFile section */
		3B279E4C1C739D0D00DB0F5F /* AppDelegate.swift in Sources */ = {isa = PBXBuildFile; fileRef = 3B279E4B1C739D0D00DB0F5F /* AppDelegate.swift */; };
		3B279E4E1C739D0D00DB0F5F /* MasterViewController.swift in Sources */ = {isa = PBXBuildFile; fileRef = 3B279E4D1C739D0D00DB0F5F /* MasterViewController.swift */; };
		3B279E501C739D0D00DB0F5F /* DetailViewController.swift in Sources */ = {isa = PBXBuildFile; fileRef = 3B279E4F1C739D0D00DB0F5F /* DetailViewController.swift */; };
		3B279E531C739D0D00DB0F5F /* Main.storyboard in Resources */ = {isa = PBXBuildFile; fileRef = 3B279E511C739D0D00DB0F5F /* Main.storyboard */; };
		3B279E551C739D0D00DB0F5F /* Assets.xcassets in Resources */ = {isa = PBXBuildFile; fileRef = 3B279E541C739D0D00DB0F5F /* Assets.xcassets */; };
		3B279E581C739D0D00DB0F5F /* LaunchScreen.storyboard in Resources */ = {isa = PBXBuildFile; fileRef = 3B279E561C739D0D00DB0F5F /* LaunchScreen.storyboard */; };
		3B279E5D1C739E1200DB0F5F /* SecretKitTouch.framework in Frameworks */ = {isa = PBXBuildFile; fileRef = 3B412E6D1C7294BD0073441D /* SecretKitTouch.framework */; };
		3B412E8E1C72A5690073441D /* NSIndexPathExtensions.swift in Sources */ = {isa = PBXBuildFile; fileRef = 3B412E7A1C72A5690073441D /* NSIndexPathExtensions.swift */; };
		3B412E8F1C72A5690073441D /* SGCellData.swift in Sources */ = {isa = PBXBuildFile; fileRef = 3B412E7B1C72A5690073441D /* SGCellData.swift */; };
		3B412E901C72A5690073441D /* SGColorPicker.swift in Sources */ = {isa = PBXBuildFile; fileRef = 3B412E7C1C72A5690073441D /* SGColorPicker.swift */; };
		3B412E911C72A5690073441D /* SGColorView.swift in Sources */ = {isa = PBXBuildFile; fileRef = 3B412E7D1C72A5690073441D /* SGColorView.swift */; };
		3B412E921C72A5690073441D /* SGCoreDataTableViewController.swift in Sources */ = {isa = PBXBuildFile; fileRef = 3B412E7E1C72A5690073441D /* SGCoreDataTableViewController.swift */; };
		3B412E931C72A5690073441D /* SGCustomTableViewCell.swift in Sources */ = {isa = PBXBuildFile; fileRef = 3B412E7F1C72A5690073441D /* SGCustomTableViewCell.swift */; };
		3B412E941C72A5690073441D /* SGDynamicTableViewController.swift in Sources */ = {isa = PBXBuildFile; fileRef = 3B412E801C72A5690073441D /* SGDynamicTableViewController.swift */; };
		3B412E951C72A5690073441D /* SGViewController.swift in Sources */ = {isa = PBXBuildFile; fileRef = 3B412E811C72A5690073441D /* SGViewController.swift */; };
		3B412E961C72A5690073441D /* ColorCell.xib in Resources */ = {isa = PBXBuildFile; fileRef = 3B412E831C72A5690073441D /* ColorCell.xib */; };
		3B412E971C72A5690073441D /* DatePickerCell.xib in Resources */ = {isa = PBXBuildFile; fileRef = 3B412E841C72A5690073441D /* DatePickerCell.xib */; };
		3B412E981C72A5690073441D /* LabelCell.xib in Resources */ = {isa = PBXBuildFile; fileRef = 3B412E851C72A5690073441D /* LabelCell.xib */; };
		3B412E991C72A5690073441D /* PickerCell.xib in Resources */ = {isa = PBXBuildFile; fileRef = 3B412E861C72A5690073441D /* PickerCell.xib */; };
		3B412E9A1C72A5690073441D /* SegmentedCell.xib in Resources */ = {isa = PBXBuildFile; fileRef = 3B412E871C72A5690073441D /* SegmentedCell.xib */; };
		3B412E9B1C72A5690073441D /* SliderCell.xib in Resources */ = {isa = PBXBuildFile; fileRef = 3B412E881C72A5690073441D /* SliderCell.xib */; };
		3B412E9C1C72A5690073441D /* SwitchCell.xib in Resources */ = {isa = PBXBuildFile; fileRef = 3B412E891C72A5690073441D /* SwitchCell.xib */; };
		3B412E9D1C72A5690073441D /* TextFieldCell.xib in Resources */ = {isa = PBXBuildFile; fileRef = 3B412E8A1C72A5690073441D /* TextFieldCell.xib */; };
		3B412E9E1C72A5690073441D /* TextViewCell.xib in Resources */ = {isa = PBXBuildFile; fileRef = 3B412E8B1C72A5690073441D /* TextViewCell.xib */; };
		3B412E9F1C72A5690073441D /* TimePickerCell.xib in Resources */ = {isa = PBXBuildFile; fileRef = 3B412E8C1C72A5690073441D /* TimePickerCell.xib */; };
		3B412ECF1C72ADDB0073441D /* SGData.swift in Sources */ = {isa = PBXBuildFile; fileRef = 3B412EC91C72ADDB0073441D /* SGData.swift */; };
		3B412ED01C72ADDB0073441D /* SGData.swift in Sources */ = {isa = PBXBuildFile; fileRef = 3B412EC91C72ADDB0073441D /* SGData.swift */; };
		3B412ED11C72ADDB0073441D /* SGFormatter.swift in Sources */ = {isa = PBXBuildFile; fileRef = 3B412ECA1C72ADDB0073441D /* SGFormatter.swift */; };
		3B412ED21C72ADDB0073441D /* SGFormatter.swift in Sources */ = {isa = PBXBuildFile; fileRef = 3B412ECA1C72ADDB0073441D /* SGFormatter.swift */; };
		3B412ED31C72ADDB0073441D /* SGInvocation.swift in Sources */ = {isa = PBXBuildFile; fileRef = 3B412ECB1C72ADDB0073441D /* SGInvocation.swift */; };
		3B412ED41C72ADDB0073441D /* SGInvocation.swift in Sources */ = {isa = PBXBuildFile; fileRef = 3B412ECB1C72ADDB0073441D /* SGInvocation.swift */; };
		3B412ED51C72ADDB0073441D /* SGUtilities.swift in Sources */ = {isa = PBXBuildFile; fileRef = 3B412ECC1C72ADDB0073441D /* SGUtilities.swift */; };
		3B412ED61C72ADDB0073441D /* SGUtilities.swift in Sources */ = {isa = PBXBuildFile; fileRef = 3B412ECC1C72ADDB0073441D /* SGUtilities.swift */; };
		3B95DE761C74A4540034667C /* AppDelegate.swift in Sources */ = {isa = PBXBuildFile; fileRef = 3B95DE751C74A4540034667C /* AppDelegate.swift */; };
		3B95DE781C74A4540034667C /* Assets.xcassets in Resources */ = {isa = PBXBuildFile; fileRef = 3B95DE771C74A4540034667C /* Assets.xcassets */; };
		3B95DE7B1C74A4540034667C /* MainMenu.xib in Resources */ = {isa = PBXBuildFile; fileRef = 3B95DE791C74A4540034667C /* MainMenu.xib */; };
		3B95DE801C74A4690034667C /* SecretKit.framework in Frameworks */ = {isa = PBXBuildFile; fileRef = 3B412EA51C72A9DC0073441D /* SecretKit.framework */; };
		3B95DE811C74A5390034667C /* SGData.swift in Headers */ = {isa = PBXBuildFile; fileRef = 3B412EC91C72ADDB0073441D /* SGData.swift */; settings = {ATTRIBUTES = (Public, ); }; };
		3B95DE821C74A5390034667C /* SGFormatter.swift in Headers */ = {isa = PBXBuildFile; fileRef = 3B412ECA1C72ADDB0073441D /* SGFormatter.swift */; settings = {ATTRIBUTES = (Public, ); }; };
		3B95DE831C74A5390034667C /* SGInvocation.swift in Headers */ = {isa = PBXBuildFile; fileRef = 3B412ECB1C72ADDB0073441D /* SGInvocation.swift */; settings = {ATTRIBUTES = (Public, ); }; };
		3B95DE841C74A5390034667C /* SGUtilities.swift in Headers */ = {isa = PBXBuildFile; fileRef = 3B412ECC1C72ADDB0073441D /* SGUtilities.swift */; settings = {ATTRIBUTES = (Public, ); }; };
		3BBE80061C73A88800EDB13A /* SGData.swift in Headers */ = {isa = PBXBuildFile; fileRef = 3B412EC91C72ADDB0073441D /* SGData.swift */; settings = {ATTRIBUTES = (Public, ); }; };
		3BBE80071C73A88800EDB13A /* SGFormatter.swift in Headers */ = {isa = PBXBuildFile; fileRef = 3B412ECA1C72ADDB0073441D /* SGFormatter.swift */; settings = {ATTRIBUTES = (Public, ); }; };
		3BBE80081C73A88800EDB13A /* SGInvocation.swift in Headers */ = {isa = PBXBuildFile; fileRef = 3B412ECB1C72ADDB0073441D /* SGInvocation.swift */; settings = {ATTRIBUTES = (Public, ); }; };
		3BBE80091C73A88800EDB13A /* SGUtilities.swift in Headers */ = {isa = PBXBuildFile; fileRef = 3B412ECC1C72ADDB0073441D /* SGUtilities.swift */; settings = {ATTRIBUTES = (Public, ); }; };
		3BC23BA01C73B1CD00675B92 /* NSIndexPathExtensions.swift in Headers */ = {isa = PBXBuildFile; fileRef = 3B412E7A1C72A5690073441D /* NSIndexPathExtensions.swift */; settings = {ATTRIBUTES = (Public, ); }; };
		3BC23BA11C73B1CD00675B92 /* SGCellData.swift in Headers */ = {isa = PBXBuildFile; fileRef = 3B412E7B1C72A5690073441D /* SGCellData.swift */; settings = {ATTRIBUTES = (Public, ); }; };
		3BC23BA21C73B1CD00675B92 /* SGColorPicker.swift in Headers */ = {isa = PBXBuildFile; fileRef = 3B412E7C1C72A5690073441D /* SGColorPicker.swift */; settings = {ATTRIBUTES = (Public, ); }; };
		3BC23BA31C73B1CD00675B92 /* SGColorView.swift in Headers */ = {isa = PBXBuildFile; fileRef = 3B412E7D1C72A5690073441D /* SGColorView.swift */; settings = {ATTRIBUTES = (Public, ); }; };
		3BC23BA41C73B1CD00675B92 /* SGCoreDataTableViewController.swift in Headers */ = {isa = PBXBuildFile; fileRef = 3B412E7E1C72A5690073441D /* SGCoreDataTableViewController.swift */; settings = {ATTRIBUTES = (Public, ); }; };
		3BC23BA51C73B1CD00675B92 /* SGCustomTableViewCell.swift in Headers */ = {isa = PBXBuildFile; fileRef = 3B412E7F1C72A5690073441D /* SGCustomTableViewCell.swift */; settings = {ATTRIBUTES = (Public, ); }; };
		3BC23BA61C73B1CD00675B92 /* SGDynamicTableViewController.swift in Headers */ = {isa = PBXBuildFile; fileRef = 3B412E801C72A5690073441D /* SGDynamicTableViewController.swift */; settings = {ATTRIBUTES = (Public, ); }; };
		3BC23BA71C73B1CD00675B92 /* SGViewController.swift in Headers */ = {isa = PBXBuildFile; fileRef = 3B412E811C72A5690073441D /* SGViewController.swift */; settings = {ATTRIBUTES = (Public, ); }; };
		3BD62FDC1C73ADDD00AF897B /* CoreData.framework in Frameworks */ = {isa = PBXBuildFile; fileRef = 3BD62FDB1C73ADDD00AF897B /* CoreData.framework */; };
/* End PBXBuildFile section */

/* Begin PBXFileReference section */
		3B279E491C739D0D00DB0F5F /* SecretKitTouchTest.app */ = {isa = PBXFileReference; explicitFileType = wrapper.application; includeInIndex = 0; path = SecretKitTouchTest.app; sourceTree = BUILT_PRODUCTS_DIR; };
		3B279E4B1C739D0D00DB0F5F /* AppDelegate.swift */ = {isa = PBXFileReference; lastKnownFileType = sourcecode.swift; path = AppDelegate.swift; sourceTree = "<group>"; };
		3B279E4D1C739D0D00DB0F5F /* MasterViewController.swift */ = {isa = PBXFileReference; lastKnownFileType = sourcecode.swift; path = MasterViewController.swift; sourceTree = "<group>"; };
		3B279E4F1C739D0D00DB0F5F /* DetailViewController.swift */ = {isa = PBXFileReference; lastKnownFileType = sourcecode.swift; path = DetailViewController.swift; sourceTree = "<group>"; };
		3B279E521C739D0D00DB0F5F /* Base */ = {isa = PBXFileReference; lastKnownFileType = file.storyboard; name = Base; path = Base.lproj/Main.storyboard; sourceTree = "<group>"; };
		3B279E541C739D0D00DB0F5F /* Assets.xcassets */ = {isa = PBXFileReference; lastKnownFileType = folder.assetcatalog; path = Assets.xcassets; sourceTree = "<group>"; };
		3B279E571C739D0D00DB0F5F /* Base */ = {isa = PBXFileReference; lastKnownFileType = file.storyboard; name = Base; path = Base.lproj/LaunchScreen.storyboard; sourceTree = "<group>"; };
		3B279E591C739D0D00DB0F5F /* Info.plist */ = {isa = PBXFileReference; lastKnownFileType = text.plist.xml; path = Info.plist; sourceTree = "<group>"; };
		3B412E6D1C7294BD0073441D /* SecretKitTouch.framework */ = {isa = PBXFileReference; explicitFileType = wrapper.framework; includeInIndex = 0; path = SecretKitTouch.framework; sourceTree = BUILT_PRODUCTS_DIR; };
		3B412E791C72A5690073441D /* Info-ios.plist */ = {isa = PBXFileReference; fileEncoding = 4; lastKnownFileType = text.plist.xml; path = "Info-ios.plist"; sourceTree = "<group>"; };
		3B412E7A1C72A5690073441D /* NSIndexPathExtensions.swift */ = {isa = PBXFileReference; fileEncoding = 4; lastKnownFileType = sourcecode.swift; path = NSIndexPathExtensions.swift; sourceTree = "<group>"; };
		3B412E7B1C72A5690073441D /* SGCellData.swift */ = {isa = PBXFileReference; fileEncoding = 4; lastKnownFileType = sourcecode.swift; path = SGCellData.swift; sourceTree = "<group>"; };
		3B412E7C1C72A5690073441D /* SGColorPicker.swift */ = {isa = PBXFileReference; fileEncoding = 4; lastKnownFileType = sourcecode.swift; path = SGColorPicker.swift; sourceTree = "<group>"; };
		3B412E7D1C72A5690073441D /* SGColorView.swift */ = {isa = PBXFileReference; fileEncoding = 4; lastKnownFileType = sourcecode.swift; path = SGColorView.swift; sourceTree = "<group>"; };
		3B412E7E1C72A5690073441D /* SGCoreDataTableViewController.swift */ = {isa = PBXFileReference; fileEncoding = 4; lastKnownFileType = sourcecode.swift; path = SGCoreDataTableViewController.swift; sourceTree = "<group>"; };
		3B412E7F1C72A5690073441D /* SGCustomTableViewCell.swift */ = {isa = PBXFileReference; fileEncoding = 4; lastKnownFileType = sourcecode.swift; path = SGCustomTableViewCell.swift; sourceTree = "<group>"; };
		3B412E801C72A5690073441D /* SGDynamicTableViewController.swift */ = {isa = PBXFileReference; fileEncoding = 4; lastKnownFileType = sourcecode.swift; path = SGDynamicTableViewController.swift; sourceTree = "<group>"; };
		3B412E811C72A5690073441D /* SGViewController.swift */ = {isa = PBXFileReference; fileEncoding = 4; lastKnownFileType = sourcecode.swift; path = SGViewController.swift; sourceTree = "<group>"; };
		3B412E831C72A5690073441D /* ColorCell.xib */ = {isa = PBXFileReference; fileEncoding = 4; lastKnownFileType = file.xib; path = ColorCell.xib; sourceTree = "<group>"; };
		3B412E841C72A5690073441D /* DatePickerCell.xib */ = {isa = PBXFileReference; fileEncoding = 4; lastKnownFileType = file.xib; path = DatePickerCell.xib; sourceTree = "<group>"; };
		3B412E851C72A5690073441D /* LabelCell.xib */ = {isa = PBXFileReference; fileEncoding = 4; lastKnownFileType = file.xib; path = LabelCell.xib; sourceTree = "<group>"; };
		3B412E861C72A5690073441D /* PickerCell.xib */ = {isa = PBXFileReference; fileEncoding = 4; lastKnownFileType = file.xib; path = PickerCell.xib; sourceTree = "<group>"; };
		3B412E871C72A5690073441D /* SegmentedCell.xib */ = {isa = PBXFileReference; fileEncoding = 4; lastKnownFileType = file.xib; path = SegmentedCell.xib; sourceTree = "<group>"; };
		3B412E881C72A5690073441D /* SliderCell.xib */ = {isa = PBXFileReference; fileEncoding = 4; lastKnownFileType = file.xib; path = SliderCell.xib; sourceTree = "<group>"; };
		3B412E891C72A5690073441D /* SwitchCell.xib */ = {isa = PBXFileReference; fileEncoding = 4; lastKnownFileType = file.xib; path = SwitchCell.xib; sourceTree = "<group>"; };
		3B412E8A1C72A5690073441D /* TextFieldCell.xib */ = {isa = PBXFileReference; fileEncoding = 4; lastKnownFileType = file.xib; path = TextFieldCell.xib; sourceTree = "<group>"; };
		3B412E8B1C72A5690073441D /* TextViewCell.xib */ = {isa = PBXFileReference; fileEncoding = 4; lastKnownFileType = file.xib; path = TextViewCell.xib; sourceTree = "<group>"; };
		3B412E8C1C72A5690073441D /* TimePickerCell.xib */ = {isa = PBXFileReference; fileEncoding = 4; lastKnownFileType = file.xib; path = TimePickerCell.xib; sourceTree = "<group>"; };
		3B412EA51C72A9DC0073441D /* SecretKit.framework */ = {isa = PBXFileReference; explicitFileType = wrapper.framework; includeInIndex = 0; path = SecretKit.framework; sourceTree = BUILT_PRODUCTS_DIR; };
		3B412EB11C72ACA70073441D /* Info-osx.plist */ = {isa = PBXFileReference; fileEncoding = 4; lastKnownFileType = text.plist.xml; path = "Info-osx.plist"; sourceTree = "<group>"; };
		3B412EC91C72ADDB0073441D /* SGData.swift */ = {isa = PBXFileReference; fileEncoding = 4; lastKnownFileType = sourcecode.swift; path = SGData.swift; sourceTree = "<group>"; };
		3B412ECA1C72ADDB0073441D /* SGFormatter.swift */ = {isa = PBXFileReference; fileEncoding = 4; lastKnownFileType = sourcecode.swift; path = SGFormatter.swift; sourceTree = "<group>"; };
		3B412ECB1C72ADDB0073441D /* SGInvocation.swift */ = {isa = PBXFileReference; fileEncoding = 4; lastKnownFileType = sourcecode.swift; path = SGInvocation.swift; sourceTree = "<group>"; };
		3B412ECC1C72ADDB0073441D /* SGUtilities.swift */ = {isa = PBXFileReference; fileEncoding = 4; lastKnownFileType = sourcecode.swift; path = SGUtilities.swift; sourceTree = "<group>"; };
		3B8972EA1C73902400FDDC3C /* LICENSE */ = {isa = PBXFileReference; lastKnownFileType = text; path = LICENSE; sourceTree = "<group>"; };
		3B8972EB1C73902400FDDC3C /* README.md */ = {isa = PBXFileReference; lastKnownFileType = net.daringfireball.markdown; path = README.md; sourceTree = "<group>"; };
		3B8972EC1C73902400FDDC3C /* SecretKit.podspec */ = {isa = PBXFileReference; lastKnownFileType = text; path = SecretKit.podspec; sourceTree = "<group>"; };
		3B95DE731C74A4540034667C /* SecretKitTest.app */ = {isa = PBXFileReference; explicitFileType = wrapper.application; includeInIndex = 0; path = SecretKitTest.app; sourceTree = BUILT_PRODUCTS_DIR; };
		3B95DE751C74A4540034667C /* AppDelegate.swift */ = {isa = PBXFileReference; lastKnownFileType = sourcecode.swift; path = AppDelegate.swift; sourceTree = "<group>"; };
		3B95DE771C74A4540034667C /* Assets.xcassets */ = {isa = PBXFileReference; lastKnownFileType = folder.assetcatalog; path = Assets.xcassets; sourceTree = "<group>"; };
		3B95DE7A1C74A4540034667C /* Base */ = {isa = PBXFileReference; lastKnownFileType = file.xib; name = Base; path = Base.lproj/MainMenu.xib; sourceTree = "<group>"; };
		3B95DE7C1C74A4540034667C /* Info.plist */ = {isa = PBXFileReference; lastKnownFileType = text.plist.xml; path = Info.plist; sourceTree = "<group>"; };
		3BD62FDB1C73ADDD00AF897B /* CoreData.framework */ = {isa = PBXFileReference; lastKnownFileType = wrapper.framework; name = CoreData.framework; path = System/Library/Frameworks/CoreData.framework; sourceTree = SDKROOT; };
/* End PBXFileReference section */

/* Begin PBXFrameworksBuildPhase section */
		3B279E461C739D0D00DB0F5F /* Frameworks */ = {
			isa = PBXFrameworksBuildPhase;
			buildActionMask = 2147483647;
			files = (
				3B279E5D1C739E1200DB0F5F /* SecretKitTouch.framework in Frameworks */,
			);
			runOnlyForDeploymentPostprocessing = 0;
		};
		3B412E691C7294BD0073441D /* Frameworks */ = {
			isa = PBXFrameworksBuildPhase;
			buildActionMask = 2147483647;
			files = (
				3BD62FDC1C73ADDD00AF897B /* CoreData.framework in Frameworks */,
			);
			runOnlyForDeploymentPostprocessing = 0;
		};
		3B412EA11C72A9DC0073441D /* Frameworks */ = {
			isa = PBXFrameworksBuildPhase;
			buildActionMask = 2147483647;
			files = (
			);
			runOnlyForDeploymentPostprocessing = 0;
		};
		3B95DE701C74A4540034667C /* Frameworks */ = {
			isa = PBXFrameworksBuildPhase;
			buildActionMask = 2147483647;
			files = (
				3B95DE801C74A4690034667C /* SecretKit.framework in Frameworks */,
			);
			runOnlyForDeploymentPostprocessing = 0;
		};
/* End PBXFrameworksBuildPhase section */

/* Begin PBXGroup section */
		3B279E4A1C739D0D00DB0F5F /* SecretKitTouchTest */ = {
			isa = PBXGroup;
			children = (
				3B279E4B1C739D0D00DB0F5F /* AppDelegate.swift */,
				3B279E4D1C739D0D00DB0F5F /* MasterViewController.swift */,
				3B279E4F1C739D0D00DB0F5F /* DetailViewController.swift */,
				3B279E511C739D0D00DB0F5F /* Main.storyboard */,
				3B279E541C739D0D00DB0F5F /* Assets.xcassets */,
				3B279E561C739D0D00DB0F5F /* LaunchScreen.storyboard */,
				3B279E591C739D0D00DB0F5F /* Info.plist */,
			);
			path = SecretKitTouchTest;
			sourceTree = "<group>";
		};
		3B412E631C7294BD0073441D = {
			isa = PBXGroup;
			children = (
				3B8972E91C73901600FDDC3C /* Supporting Files */,
				3B412E6F1C7294BD0073441D /* SecretKit */,
				3B279E4A1C739D0D00DB0F5F /* SecretKitTouchTest */,
				3B95DE741C74A4540034667C /* SecretKitTest */,
				3BC23B9F1C73B18600675B92 /* Libraries */,
				3B412E6E1C7294BD0073441D /* Products */,
			);
			sourceTree = "<group>";
		};
		3B412E6E1C7294BD0073441D /* Products */ = {
			isa = PBXGroup;
			children = (
				3B412E6D1C7294BD0073441D /* SecretKitTouch.framework */,
				3B412EA51C72A9DC0073441D /* SecretKit.framework */,
				3B279E491C739D0D00DB0F5F /* SecretKitTouchTest.app */,
				3B95DE731C74A4540034667C /* SecretKitTest.app */,
			);
			name = Products;
			sourceTree = "<group>";
		};
		3B412E6F1C7294BD0073441D /* SecretKit */ = {
			isa = PBXGroup;
			children = (
				3B412EC91C72ADDB0073441D /* SGData.swift */,
				3B412ECA1C72ADDB0073441D /* SGFormatter.swift */,
				3B412ECB1C72ADDB0073441D /* SGInvocation.swift */,
				3B412ECC1C72ADDB0073441D /* SGUtilities.swift */,
				3B412E781C72A5690073441D /* ios */,
				3B412EB01C72ACA70073441D /* osx */,
			);
			path = SecretKit;
			sourceTree = "<group>";
		};
		3B412E781C72A5690073441D /* ios */ = {
			isa = PBXGroup;
			children = (
				3B412E791C72A5690073441D /* Info-ios.plist */,
				3B412E7A1C72A5690073441D /* NSIndexPathExtensions.swift */,
				3B412E7B1C72A5690073441D /* SGCellData.swift */,
				3B412E7C1C72A5690073441D /* SGColorPicker.swift */,
				3B412E7D1C72A5690073441D /* SGColorView.swift */,
				3B412E7E1C72A5690073441D /* SGCoreDataTableViewController.swift */,
				3B412E7F1C72A5690073441D /* SGCustomTableViewCell.swift */,
				3B412E801C72A5690073441D /* SGDynamicTableViewController.swift */,
				3B412E811C72A5690073441D /* SGViewController.swift */,
				3B412E821C72A5690073441D /* TableCells */,
			);
			path = ios;
			sourceTree = "<group>";
		};
		3B412E821C72A5690073441D /* TableCells */ = {
			isa = PBXGroup;
			children = (
				3B412E831C72A5690073441D /* ColorCell.xib */,
				3B412E841C72A5690073441D /* DatePickerCell.xib */,
				3B412E851C72A5690073441D /* LabelCell.xib */,
				3B412E861C72A5690073441D /* PickerCell.xib */,
				3B412E871C72A5690073441D /* SegmentedCell.xib */,
				3B412E881C72A5690073441D /* SliderCell.xib */,
				3B412E891C72A5690073441D /* SwitchCell.xib */,
				3B412E8A1C72A5690073441D /* TextFieldCell.xib */,
				3B412E8B1C72A5690073441D /* TextViewCell.xib */,
				3B412E8C1C72A5690073441D /* TimePickerCell.xib */,
			);
			path = TableCells;
			sourceTree = "<group>";
		};
		3B412EB01C72ACA70073441D /* osx */ = {
			isa = PBXGroup;
			children = (
				3B412EB11C72ACA70073441D /* Info-osx.plist */,
			);
			path = osx;
			sourceTree = "<group>";
		};
		3B8972E91C73901600FDDC3C /* Supporting Files */ = {
			isa = PBXGroup;
			children = (
				3B8972EC1C73902400FDDC3C /* SecretKit.podspec */,
				3B8972EB1C73902400FDDC3C /* README.md */,
				3B8972EA1C73902400FDDC3C /* LICENSE */,
			);
			name = "Supporting Files";
			sourceTree = "<group>";
		};
		3B95DE741C74A4540034667C /* SecretKitTest */ = {
			isa = PBXGroup;
			children = (
				3B95DE751C74A4540034667C /* AppDelegate.swift */,
				3B95DE771C74A4540034667C /* Assets.xcassets */,
				3B95DE791C74A4540034667C /* MainMenu.xib */,
				3B95DE7C1C74A4540034667C /* Info.plist */,
			);
			path = SecretKitTest;
			sourceTree = "<group>";
		};
		3BC23B9F1C73B18600675B92 /* Libraries */ = {
			isa = PBXGroup;
			children = (
				3BD62FDB1C73ADDD00AF897B /* CoreData.framework */,
			);
			name = Libraries;
			sourceTree = "<group>";
		};
/* End PBXGroup section */

/* Begin PBXHeadersBuildPhase section */
		3B412E6A1C7294BD0073441D /* Headers */ = {
			isa = PBXHeadersBuildPhase;
			buildActionMask = 2147483647;
			files = (
				3BBE80061C73A88800EDB13A /* SGData.swift in Headers */,
				3BBE80071C73A88800EDB13A /* SGFormatter.swift in Headers */,
				3BBE80081C73A88800EDB13A /* SGInvocation.swift in Headers */,
				3BBE80091C73A88800EDB13A /* SGUtilities.swift in Headers */,
				3BC23BA01C73B1CD00675B92 /* NSIndexPathExtensions.swift in Headers */,
				3BC23BA11C73B1CD00675B92 /* SGCellData.swift in Headers */,
				3BC23BA21C73B1CD00675B92 /* SGColorPicker.swift in Headers */,
				3BC23BA31C73B1CD00675B92 /* SGColorView.swift in Headers */,
				3BC23BA41C73B1CD00675B92 /* SGCoreDataTableViewController.swift in Headers */,
				3BC23BA51C73B1CD00675B92 /* SGCustomTableViewCell.swift in Headers */,
				3BC23BA61C73B1CD00675B92 /* SGDynamicTableViewController.swift in Headers */,
				3BC23BA71C73B1CD00675B92 /* SGViewController.swift in Headers */,
			);
			runOnlyForDeploymentPostprocessing = 0;
		};
		3B412EA21C72A9DC0073441D /* Headers */ = {
			isa = PBXHeadersBuildPhase;
			buildActionMask = 2147483647;
			files = (
				3B95DE811C74A5390034667C /* SGData.swift in Headers */,
				3B95DE821C74A5390034667C /* SGFormatter.swift in Headers */,
				3B95DE831C74A5390034667C /* SGInvocation.swift in Headers */,
				3B95DE841C74A5390034667C /* SGUtilities.swift in Headers */,
			);
			runOnlyForDeploymentPostprocessing = 0;
		};
/* End PBXHeadersBuildPhase section */

/* Begin PBXNativeTarget section */
		3B279E481C739D0D00DB0F5F /* SecretKitTouchTest */ = {
			isa = PBXNativeTarget;
			buildConfigurationList = 3B279E5C1C739D0D00DB0F5F /* Build configuration list for PBXNativeTarget "SecretKitTouchTest" */;
			buildPhases = (
				3B279E451C739D0D00DB0F5F /* Sources */,
				3B279E461C739D0D00DB0F5F /* Frameworks */,
				3B279E471C739D0D00DB0F5F /* Resources */,
			);
			buildRules = (
			);
			dependencies = (
			);
			name = SecretKitTouchTest;
			productName = SecretKitTouchTest;
			productReference = 3B279E491C739D0D00DB0F5F /* SecretKitTouchTest.app */;
			productType = "com.apple.product-type.application";
		};
		3B412E6C1C7294BD0073441D /* SecretKitTouch */ = {
			isa = PBXNativeTarget;
			buildConfigurationList = 3B412E751C7294BD0073441D /* Build configuration list for PBXNativeTarget "SecretKitTouch" */;
			buildPhases = (
				3B412E681C7294BD0073441D /* Sources */,
				3B412E691C7294BD0073441D /* Frameworks */,
				3B412E6A1C7294BD0073441D /* Headers */,
				3B412E6B1C7294BD0073441D /* Resources */,
			);
			buildRules = (
			);
			dependencies = (
			);
			name = SecretKitTouch;
			productName = SecretKit;
			productReference = 3B412E6D1C7294BD0073441D /* SecretKitTouch.framework */;
			productType = "com.apple.product-type.framework";
		};
		3B412EA41C72A9DC0073441D /* SecretKit */ = {
			isa = PBXNativeTarget;
			buildConfigurationList = 3B412EAA1C72A9DC0073441D /* Build configuration list for PBXNativeTarget "SecretKit" */;
			buildPhases = (
				3B412EA01C72A9DC0073441D /* Sources */,
				3B412EA11C72A9DC0073441D /* Frameworks */,
				3B412EA21C72A9DC0073441D /* Headers */,
				3B412EA31C72A9DC0073441D /* Resources */,
			);
			buildRules = (
			);
			dependencies = (
			);
			name = SecretKit;
			productName = "SecretKit-mac";
			productReference = 3B412EA51C72A9DC0073441D /* SecretKit.framework */;
			productType = "com.apple.product-type.framework";
		};
		3B95DE721C74A4540034667C /* SecretKitTest */ = {
			isa = PBXNativeTarget;
			buildConfigurationList = 3B95DE7F1C74A4540034667C /* Build configuration list for PBXNativeTarget "SecretKitTest" */;
			buildPhases = (
				3B95DE6F1C74A4540034667C /* Sources */,
				3B95DE701C74A4540034667C /* Frameworks */,
				3B95DE711C74A4540034667C /* Resources */,
			);
			buildRules = (
			);
			dependencies = (
			);
			name = SecretKitTest;
			productName = SecretKitTest;
			productReference = 3B95DE731C74A4540034667C /* SecretKitTest.app */;
			productType = "com.apple.product-type.application";
		};
/* End PBXNativeTarget section */

/* Begin PBXProject section */
		3B412E641C7294BD0073441D /* Project object */ = {
			isa = PBXProject;
			attributes = {
				LastSwiftUpdateCheck = 0720;
				LastUpgradeCheck = 0720;
				ORGANIZATIONNAME = "Secret Geometry, Inc.";
				TargetAttributes = {
					3B279E481C739D0D00DB0F5F = {
						CreatedOnToolsVersion = 7.2.1;
					};
					3B412E6C1C7294BD0073441D = {
						CreatedOnToolsVersion = 7.2.1;
					};
					3B412EA41C72A9DC0073441D = {
						CreatedOnToolsVersion = 7.2.1;
					};
					3B95DE721C74A4540034667C = {
						CreatedOnToolsVersion = 7.2.1;
					};
				};
			};
			buildConfigurationList = 3B412E671C7294BD0073441D /* Build configuration list for PBXProject "SecretKit" */;
			compatibilityVersion = "Xcode 3.2";
			developmentRegion = English;
			hasScannedForEncodings = 0;
			knownRegions = (
				en,
				Base,
			);
			mainGroup = 3B412E631C7294BD0073441D;
			productRefGroup = 3B412E6E1C7294BD0073441D /* Products */;
			projectDirPath = "";
			projectRoot = "";
			targets = (
				3B412EA41C72A9DC0073441D /* SecretKit */,
				3B412E6C1C7294BD0073441D /* SecretKitTouch */,
				3B95DE721C74A4540034667C /* SecretKitTest */,
				3B279E481C739D0D00DB0F5F /* SecretKitTouchTest */,
			);
		};
/* End PBXProject section */

/* Begin PBXResourcesBuildPhase section */
		3B279E471C739D0D00DB0F5F /* Resources */ = {
			isa = PBXResourcesBuildPhase;
			buildActionMask = 2147483647;
			files = (
				3B279E581C739D0D00DB0F5F /* LaunchScreen.storyboard in Resources */,
				3B279E551C739D0D00DB0F5F /* Assets.xcassets in Resources */,
				3B279E531C739D0D00DB0F5F /* Main.storyboard in Resources */,
			);
			runOnlyForDeploymentPostprocessing = 0;
		};
		3B412E6B1C7294BD0073441D /* Resources */ = {
			isa = PBXResourcesBuildPhase;
			buildActionMask = 2147483647;
			files = (
				3B412E971C72A5690073441D /* DatePickerCell.xib in Resources */,
				3B412E9E1C72A5690073441D /* TextViewCell.xib in Resources */,
				3B412E9C1C72A5690073441D /* SwitchCell.xib in Resources */,
				3B412E9D1C72A5690073441D /* TextFieldCell.xib in Resources */,
				3B412E9F1C72A5690073441D /* TimePickerCell.xib in Resources */,
				3B412E981C72A5690073441D /* LabelCell.xib in Resources */,
				3B412E9B1C72A5690073441D /* SliderCell.xib in Resources */,
				3B412E961C72A5690073441D /* ColorCell.xib in Resources */,
				3B412E9A1C72A5690073441D /* SegmentedCell.xib in Resources */,
				3B412E991C72A5690073441D /* PickerCell.xib in Resources */,
			);
			runOnlyForDeploymentPostprocessing = 0;
		};
		3B412EA31C72A9DC0073441D /* Resources */ = {
			isa = PBXResourcesBuildPhase;
			buildActionMask = 2147483647;
			files = (
			);
			runOnlyForDeploymentPostprocessing = 0;
		};
		3B95DE711C74A4540034667C /* Resources */ = {
			isa = PBXResourcesBuildPhase;
			buildActionMask = 2147483647;
			files = (
				3B95DE781C74A4540034667C /* Assets.xcassets in Resources */,
				3B95DE7B1C74A4540034667C /* MainMenu.xib in Resources */,
			);
			runOnlyForDeploymentPostprocessing = 0;
		};
/* End PBXResourcesBuildPhase section */

/* Begin PBXSourcesBuildPhase section */
		3B279E451C739D0D00DB0F5F /* Sources */ = {
			isa = PBXSourcesBuildPhase;
			buildActionMask = 2147483647;
			files = (
				3B279E501C739D0D00DB0F5F /* DetailViewController.swift in Sources */,
				3B279E4E1C739D0D00DB0F5F /* MasterViewController.swift in Sources */,
				3B279E4C1C739D0D00DB0F5F /* AppDelegate.swift in Sources */,
			);
			runOnlyForDeploymentPostprocessing = 0;
		};
		3B412E681C7294BD0073441D /* Sources */ = {
			isa = PBXSourcesBuildPhase;
			buildActionMask = 2147483647;
			files = (
				3B412E931C72A5690073441D /* SGCustomTableViewCell.swift in Sources */,
				3B412E911C72A5690073441D /* SGColorView.swift in Sources */,
				3B412E951C72A5690073441D /* SGViewController.swift in Sources */,
				3B412E901C72A5690073441D /* SGColorPicker.swift in Sources */,
				3B412ED11C72ADDB0073441D /* SGFormatter.swift in Sources */,
				3B412E941C72A5690073441D /* SGDynamicTableViewController.swift in Sources */,
				3B412ED31C72ADDB0073441D /* SGInvocation.swift in Sources */,
				3B412E8E1C72A5690073441D /* NSIndexPathExtensions.swift in Sources */,
				3B412E921C72A5690073441D /* SGCoreDataTableViewController.swift in Sources */,
				3B412E8F1C72A5690073441D /* SGCellData.swift in Sources */,
				3B412ED51C72ADDB0073441D /* SGUtilities.swift in Sources */,
				3B412ECF1C72ADDB0073441D /* SGData.swift in Sources */,
			);
			runOnlyForDeploymentPostprocessing = 0;
		};
		3B412EA01C72A9DC0073441D /* Sources */ = {
			isa = PBXSourcesBuildPhase;
			buildActionMask = 2147483647;
			files = (
				3B412ED21C72ADDB0073441D /* SGFormatter.swift in Sources */,
				3B412ED01C72ADDB0073441D /* SGData.swift in Sources */,
				3B412ED61C72ADDB0073441D /* SGUtilities.swift in Sources */,
				3B412ED41C72ADDB0073441D /* SGInvocation.swift in Sources */,
			);
			runOnlyForDeploymentPostprocessing = 0;
		};
		3B95DE6F1C74A4540034667C /* Sources */ = {
			isa = PBXSourcesBuildPhase;
			buildActionMask = 2147483647;
			files = (
				3B95DE761C74A4540034667C /* AppDelegate.swift in Sources */,
			);
			runOnlyForDeploymentPostprocessing = 0;
		};
/* End PBXSourcesBuildPhase section */

/* Begin PBXVariantGroup section */
		3B279E511C739D0D00DB0F5F /* Main.storyboard */ = {
			isa = PBXVariantGroup;
			children = (
				3B279E521C739D0D00DB0F5F /* Base */,
			);
			name = Main.storyboard;
			sourceTree = "<group>";
		};
		3B279E561C739D0D00DB0F5F /* LaunchScreen.storyboard */ = {
			isa = PBXVariantGroup;
			children = (
				3B279E571C739D0D00DB0F5F /* Base */,
			);
			name = LaunchScreen.storyboard;
			sourceTree = "<group>";
		};
		3B95DE791C74A4540034667C /* MainMenu.xib */ = {
			isa = PBXVariantGroup;
			children = (
				3B95DE7A1C74A4540034667C /* Base */,
			);
			name = MainMenu.xib;
			sourceTree = "<group>";
		};
/* End PBXVariantGroup section */

/* Begin XCBuildConfiguration section */
		3B279E5A1C739D0D00DB0F5F /* Debug */ = {
			isa = XCBuildConfiguration;
			buildSettings = {
				ASSETCATALOG_COMPILER_APPICON_NAME = AppIcon;
				INFOPLIST_FILE = SecretKitTouchTest/Info.plist;
				LD_RUNPATH_SEARCH_PATHS = "$(inherited) @executable_path/Frameworks";
				PRODUCT_BUNDLE_IDENTIFIER = com.secretgeometry.SecretKitTouchTest;
				PRODUCT_NAME = "$(TARGET_NAME)";
			};
			name = Debug;
		};
		3B279E5B1C739D0D00DB0F5F /* Release */ = {
			isa = XCBuildConfiguration;
			buildSettings = {
				ASSETCATALOG_COMPILER_APPICON_NAME = AppIcon;
				INFOPLIST_FILE = SecretKitTouchTest/Info.plist;
				LD_RUNPATH_SEARCH_PATHS = "$(inherited) @executable_path/Frameworks";
				PRODUCT_BUNDLE_IDENTIFIER = com.secretgeometry.SecretKitTouchTest;
				PRODUCT_NAME = "$(TARGET_NAME)";
			};
			name = Release;
		};
		3B412E731C7294BD0073441D /* Debug */ = {
			isa = XCBuildConfiguration;
			buildSettings = {
				ALWAYS_SEARCH_USER_PATHS = NO;
				CLANG_CXX_LANGUAGE_STANDARD = "gnu++0x";
				CLANG_CXX_LIBRARY = "libc++";
				CLANG_ENABLE_OBJC_ARC = YES;
				CLANG_WARN_BOOL_CONVERSION = YES;
				CLANG_WARN_CONSTANT_CONVERSION = YES;
				CLANG_WARN_DIRECT_OBJC_ISA_USAGE = YES_ERROR;
				CLANG_WARN_EMPTY_BODY = YES;
				CLANG_WARN_ENUM_CONVERSION = YES;
				CLANG_WARN_INT_CONVERSION = YES;
				CLANG_WARN_OBJC_ROOT_CLASS = YES_ERROR;
				CLANG_WARN_UNREACHABLE_CODE = YES;
				CLANG_WARN__DUPLICATE_METHOD_MATCH = YES;
				"CODE_SIGN_IDENTITY[sdk=iphoneos*]" = "iPhone Developer";
				COPY_PHASE_STRIP = NO;
				CURRENT_PROJECT_VERSION = 1;
				DEBUG_INFORMATION_FORMAT = dwarf;
				ENABLE_STRICT_OBJC_MSGSEND = YES;
				ENABLE_TESTABILITY = YES;
				GCC_C_LANGUAGE_STANDARD = gnu99;
				GCC_DYNAMIC_NO_PIC = NO;
				GCC_NO_COMMON_BLOCKS = YES;
				GCC_OPTIMIZATION_LEVEL = 0;
				GCC_PREPROCESSOR_DEFINITIONS = (
					"DEBUG=1",
					"$(inherited)",
				);
				GCC_WARN_64_TO_32_BIT_CONVERSION = YES;
				GCC_WARN_ABOUT_RETURN_TYPE = YES_ERROR;
				GCC_WARN_UNDECLARED_SELECTOR = YES;
				GCC_WARN_UNINITIALIZED_AUTOS = YES_AGGRESSIVE;
				GCC_WARN_UNUSED_FUNCTION = YES;
				GCC_WARN_UNUSED_VARIABLE = YES;
				IPHONEOS_DEPLOYMENT_TARGET = 9.2;
				MTL_ENABLE_DEBUG_INFO = YES;
				ONLY_ACTIVE_ARCH = YES;
				SDKROOT = iphoneos;
				SWIFT_OPTIMIZATION_LEVEL = "-Onone";
				TARGETED_DEVICE_FAMILY = "1,2";
				VERSIONING_SYSTEM = "apple-generic";
				VERSION_INFO_PREFIX = "";
			};
			name = Debug;
		};
		3B412E741C7294BD0073441D /* Release */ = {
			isa = XCBuildConfiguration;
			buildSettings = {
				ALWAYS_SEARCH_USER_PATHS = NO;
				CLANG_CXX_LANGUAGE_STANDARD = "gnu++0x";
				CLANG_CXX_LIBRARY = "libc++";
				CLANG_ENABLE_OBJC_ARC = YES;
				CLANG_WARN_BOOL_CONVERSION = YES;
				CLANG_WARN_CONSTANT_CONVERSION = YES;
				CLANG_WARN_DIRECT_OBJC_ISA_USAGE = YES_ERROR;
				CLANG_WARN_EMPTY_BODY = YES;
				CLANG_WARN_ENUM_CONVERSION = YES;
				CLANG_WARN_INT_CONVERSION = YES;
				CLANG_WARN_OBJC_ROOT_CLASS = YES_ERROR;
				CLANG_WARN_UNREACHABLE_CODE = YES;
				CLANG_WARN__DUPLICATE_METHOD_MATCH = YES;
				"CODE_SIGN_IDENTITY[sdk=iphoneos*]" = "iPhone Developer";
				COPY_PHASE_STRIP = NO;
				CURRENT_PROJECT_VERSION = 1;
				DEBUG_INFORMATION_FORMAT = "dwarf-with-dsym";
				ENABLE_NS_ASSERTIONS = NO;
				ENABLE_STRICT_OBJC_MSGSEND = YES;
				GCC_C_LANGUAGE_STANDARD = gnu99;
				GCC_NO_COMMON_BLOCKS = YES;
				GCC_WARN_64_TO_32_BIT_CONVERSION = YES;
				GCC_WARN_ABOUT_RETURN_TYPE = YES_ERROR;
				GCC_WARN_UNDECLARED_SELECTOR = YES;
				GCC_WARN_UNINITIALIZED_AUTOS = YES_AGGRESSIVE;
				GCC_WARN_UNUSED_FUNCTION = YES;
				GCC_WARN_UNUSED_VARIABLE = YES;
				IPHONEOS_DEPLOYMENT_TARGET = 9.2;
				MTL_ENABLE_DEBUG_INFO = NO;
				SDKROOT = iphoneos;
				TARGETED_DEVICE_FAMILY = "1,2";
				VALIDATE_PRODUCT = YES;
				VERSIONING_SYSTEM = "apple-generic";
				VERSION_INFO_PREFIX = "";
			};
			name = Release;
		};
		3B412E761C7294BD0073441D /* Debug */ = {
			isa = XCBuildConfiguration;
			buildSettings = {
				DEFINES_MODULE = YES;
				DYLIB_COMPATIBILITY_VERSION = 1;
				DYLIB_CURRENT_VERSION = 1;
				DYLIB_INSTALL_NAME_BASE = "@rpath";
				EMBEDDED_CONTENT_CONTAINS_SWIFT = YES;
				INFOPLIST_FILE = "$(SRCROOT)/SecretKit/ios/Info-ios.plist";
				INSTALL_PATH = "$(LOCAL_LIBRARY_DIR)/Frameworks";
				LD_RUNPATH_SEARCH_PATHS = "$(inherited) @executable_path/Frameworks @loader_path/Frameworks";
				PRODUCT_BUNDLE_IDENTIFIER = com.secretgeometry.SecretKitTouch;
				PRODUCT_NAME = "$(TARGET_NAME)";
				SKIP_INSTALL = YES;
			};
			name = Debug;
		};
		3B412E771C7294BD0073441D /* Release */ = {
			isa = XCBuildConfiguration;
			buildSettings = {
				DEFINES_MODULE = YES;
				DYLIB_COMPATIBILITY_VERSION = 1;
				DYLIB_CURRENT_VERSION = 1;
				DYLIB_INSTALL_NAME_BASE = "@rpath";
				EMBEDDED_CONTENT_CONTAINS_SWIFT = YES;
				INFOPLIST_FILE = "$(SRCROOT)/SecretKit/ios/Info-ios.plist";
				INSTALL_PATH = "$(LOCAL_LIBRARY_DIR)/Frameworks";
				LD_RUNPATH_SEARCH_PATHS = "$(inherited) @executable_path/Frameworks @loader_path/Frameworks";
				PRODUCT_BUNDLE_IDENTIFIER = com.secretgeometry.SecretKitTouch;
				PRODUCT_NAME = "$(TARGET_NAME)";
				SKIP_INSTALL = YES;
			};
			name = Release;
		};
		3B412EAB1C72A9DC0073441D /* Debug */ = {
			isa = XCBuildConfiguration;
			buildSettings = {
				CODE_SIGN_IDENTITY = "-";
				COMBINE_HIDPI_IMAGES = YES;
				DEFINES_MODULE = YES;
				DYLIB_COMPATIBILITY_VERSION = 1;
				DYLIB_CURRENT_VERSION = 1;
				DYLIB_INSTALL_NAME_BASE = "@rpath";
				EMBEDDED_CONTENT_CONTAINS_SWIFT = YES;
				FRAMEWORK_VERSION = A;
				INFOPLIST_FILE = "$(SRCROOT)/SecretKit/osx/Info-osx.plist";
				INSTALL_PATH = "$(LOCAL_LIBRARY_DIR)/Frameworks";
				LD_RUNPATH_SEARCH_PATHS = "$(inherited) @executable_path/../Frameworks @loader_path/Frameworks";
				MACOSX_DEPLOYMENT_TARGET = 10.11;
				PRODUCT_BUNDLE_IDENTIFIER = "com.secretgeometry.SecretKit-mac";
				PRODUCT_NAME = "$(TARGET_NAME)";
				SDKROOT = macosx;
				SKIP_INSTALL = YES;
				SWIFT_OPTIMIZATION_LEVEL = "-Onone";
			};
			name = Debug;
		};
		3B412EAC1C72A9DC0073441D /* Release */ = {
			isa = XCBuildConfiguration;
			buildSettings = {
				CODE_SIGN_IDENTITY = "-";
				COMBINE_HIDPI_IMAGES = YES;
				DEFINES_MODULE = YES;
				DYLIB_COMPATIBILITY_VERSION = 1;
				DYLIB_CURRENT_VERSION = 1;
				DYLIB_INSTALL_NAME_BASE = "@rpath";
				EMBEDDED_CONTENT_CONTAINS_SWIFT = YES;
				FRAMEWORK_VERSION = A;
				INFOPLIST_FILE = "$(SRCROOT)/SecretKit/osx/Info-osx.plist";
				INSTALL_PATH = "$(LOCAL_LIBRARY_DIR)/Frameworks";
				LD_RUNPATH_SEARCH_PATHS = "$(inherited) @executable_path/../Frameworks @loader_path/Frameworks";
				MACOSX_DEPLOYMENT_TARGET = 10.11;
				PRODUCT_BUNDLE_IDENTIFIER = "com.secretgeometry.SecretKit-mac";
				PRODUCT_NAME = "$(TARGET_NAME)";
				SDKROOT = macosx;
				SKIP_INSTALL = YES;
			};
			name = Release;
		};
		3B95DE7D1C74A4540034667C /* Debug */ = {
			isa = XCBuildConfiguration;
			buildSettings = {
				ASSETCATALOG_COMPILER_APPICON_NAME = AppIcon;
				CODE_SIGN_IDENTITY = "-";
				COMBINE_HIDPI_IMAGES = YES;
				INFOPLIST_FILE = SecretKitTest/Info.plist;
				LD_RUNPATH_SEARCH_PATHS = "$(inherited) @executable_path/../Frameworks";
				MACOSX_DEPLOYMENT_TARGET = 10.11;
				PRODUCT_BUNDLE_IDENTIFIER = com.secretgeometry.SecretKitTest;
				PRODUCT_NAME = "$(TARGET_NAME)";
				SDKROOT = macosx;
			};
			name = Debug;
		};
		3B95DE7E1C74A4540034667C /* Release */ = {
			isa = XCBuildConfiguration;
			buildSettings = {
				ASSETCATALOG_COMPILER_APPICON_NAME = AppIcon;
				CODE_SIGN_IDENTITY = "-";
				COMBINE_HIDPI_IMAGES = YES;
				INFOPLIST_FILE = SecretKitTest/Info.plist;
				LD_RUNPATH_SEARCH_PATHS = "$(inherited) @executable_path/../Frameworks";
				MACOSX_DEPLOYMENT_TARGET = 10.11;
				PRODUCT_BUNDLE_IDENTIFIER = com.secretgeometry.SecretKitTest;
				PRODUCT_NAME = "$(TARGET_NAME)";
				SDKROOT = macosx;
			};
			name = Release;
		};
/* End XCBuildConfiguration section */

/* Begin XCConfigurationList section */
		3B279E5C1C739D0D00DB0F5F /* Build configuration list for PBXNativeTarget "SecretKitTouchTest" */ = {
			isa = XCConfigurationList;
			buildConfigurations = (
				3B279E5A1C739D0D00DB0F5F /* Debug */,
				3B279E5B1C739D0D00DB0F5F /* Release */,
			);
			defaultConfigurationIsVisible = 0;
			defaultConfigurationName = Release;
		};
		3B412E671C7294BD0073441D /* Build configuration list for PBXProject "SecretKit" */ = {
			isa = XCConfigurationList;
			buildConfigurations = (
				3B412E731C7294BD0073441D /* Debug */,
				3B412E741C7294BD0073441D /* Release */,
			);
			defaultConfigurationIsVisible = 0;
			defaultConfigurationName = Release;
		};
		3B412E751C7294BD0073441D /* Build configuration list for PBXNativeTarget "SecretKitTouch" */ = {
			isa = XCConfigurationList;
			buildConfigurations = (
				3B412E761C7294BD0073441D /* Debug */,
				3B412E771C7294BD0073441D /* Release */,
			);
			defaultConfigurationIsVisible = 0;
			defaultConfigurationName = Release;
		};
		3B412EAA1C72A9DC0073441D /* Build configuration list for PBXNativeTarget "SecretKit" */ = {
			isa = XCConfigurationList;
			buildConfigurations = (
				3B412EAB1C72A9DC0073441D /* Debug */,
				3B412EAC1C72A9DC0073441D /* Release */,
			);
			defaultConfigurationIsVisible = 0;
			defaultConfigurationName = Release;
		};
		3B95DE7F1C74A4540034667C /* Build configuration list for PBXNativeTarget "SecretKitTest" */ = {
			isa = XCConfigurationList;
			buildConfigurations = (
				3B95DE7D1C74A4540034667C /* Debug */,
				3B95DE7E1C74A4540034667C /* Release */,
			);
			defaultConfigurationIsVisible = 0;
		};
/* End XCConfigurationList section */
	};
	rootObject = 3B412E641C7294BD0073441D /* Project object */;
}
